{
  "name": "notes",
  "version": "1.0.0",
  "lockfileVersion": 1,
  "requires": true,
  "dependencies": {
    "flow-bin": {
      "version": "0.184.0",
      "resolved": "https://registry.npmjs.org/flow-bin/-/flow-bin-0.184.0.tgz",
      "integrity": "sha512-HiHuxhO06dqhV7YabluSswm3ZgxVi2L+aArcuIJMON/CRzqkGQrRjIVNbKllMs95rFk6aeuFR3FdVCCUa0SbGw==",
      "dev": true
    },
    "typescript": {
      "version": "4.7.4",
      "resolved": "https://registry.npmjs.org/typescript/-/typescript-4.7.4.tgz",
      "integrity": "sha512-C0WQT0gezHuw6AdY1M2jxUO83Rjf0HP7Sk1DtXj6j1EwkQNZrHAg2XPWlq62oqEhYvONq5pkC2Y9oPljWToLmQ=="
    }
  }
}
